
Microsoft Visual Studio Solution File, Format Version 12.00
# Visual Studio 14
Project("{FAE04EC0-301F-11D3-BF4B-00C04F79EFBC}") = "CustomFooters", "CustomFooters\CustomFooters.csproj", "{2BDD454A-9B49-49C8-89B9-9535BDA0374F}"
EndProject
Global
	GlobalSection(SolutionConfigurationPlatforms) = preSolution
		Debug|Any CPU = Debug|Any CPU
		Evaluation|Any CPU = Evaluation|Any CPU
		Release|Any CPU = Release|Any CPU
	EndGlobalSection
	GlobalSection(ProjectConfigurationPlatforms) = postSolution
		{2BDD454A-9B49-49C8-89B9-9535BDA0374F}.Debug|Any CPU.ActiveCfg = Debug|Any CPU
		{2BDD454A-9B49-49C8-89B9-9535BDA0374F}.Debug|Any CPU.Build.0 = Debug|Any CPU
		{2BDD454A-9B49-49C8-89B9-9535BDA0374F}.Evaluation|Any CPU.ActiveCfg = Release|Any CPU
		{2BDD454A-9B49-49C8-89B9-9535BDA0374F}.Evaluation|Any CPU.Build.0 = Release|Any CPU
		{2BDD454A-9B49-49C8-89B9-9535BDA0374F}.Release|Any CPU.ActiveCfg = Release|Any CPU
		{2BDD454A-9B49-49C8-89B9-9535BDA0374F}.Release|Any CPU.Build.0 = Release|Any CPU
	EndGlobalSection
	GlobalSection(SolutionProperties) = preSolution
		HideSolutionNode = FALSE
	EndGlobalSection
EndGlobal
