
Microsoft Visual Studio Solution File, Format Version 12.00
# Visual Studio 14
Project("{FAE04EC0-301F-11D3-BF4B-00C04F79EFBC}") = "MultiRowIntro", "MultiRowIntro\MultiRowIntro.csproj", "{A0C08470-47D9-4DD9-83D6-7CAA1E64261E}"
EndProject
Global
	GlobalSection(SolutionConfigurationPlatforms) = preSolution
		Debug|Any CPU = Debug|Any CPU
		Evaluation|Any CPU = Evaluation|Any CPU
		Release|Any CPU = Release|Any CPU
		Standard|Any CPU = Standard|Any CPU
		StandardEvaluation|Any CPU = StandardEvaluation|Any CPU
	EndGlobalSection
	GlobalSection(ProjectConfigurationPlatforms) = postSolution
		{A0C08470-47D9-4DD9-83D6-7CAA1E64261E}.Debug|Any CPU.ActiveCfg = Debug|Any CPU
		{A0C08470-47D9-4DD9-83D6-7CAA1E64261E}.Debug|Any CPU.Build.0 = Debug|Any CPU
		{A0C08470-47D9-4DD9-83D6-7CAA1E64261E}.Evaluation|Any CPU.ActiveCfg = Debug|Any CPU
		{A0C08470-47D9-4DD9-83D6-7CAA1E64261E}.Evaluation|Any CPU.Build.0 = Debug|Any CPU
		{A0C08470-47D9-4DD9-83D6-7CAA1E64261E}.Release|Any CPU.ActiveCfg = Release|Any CPU
		{A0C08470-47D9-4DD9-83D6-7CAA1E64261E}.Release|Any CPU.Build.0 = Release|Any CPU
		{A0C08470-47D9-4DD9-83D6-7CAA1E64261E}.Standard|Any CPU.ActiveCfg = Debug|Any CPU
		{A0C08470-47D9-4DD9-83D6-7CAA1E64261E}.Standard|Any CPU.Build.0 = Debug|Any CPU
		{A0C08470-47D9-4DD9-83D6-7CAA1E64261E}.StandardEvaluation|Any CPU.ActiveCfg = Debug|Any CPU
		{A0C08470-47D9-4DD9-83D6-7CAA1E64261E}.StandardEvaluation|Any CPU.Build.0 = Debug|Any CPU
	EndGlobalSection
	GlobalSection(SolutionProperties) = preSolution
		HideSolutionNode = FALSE
	EndGlobalSection
EndGlobal
