
Microsoft Visual Studio Solution File, Format Version 12.00
# Visual Studio 14
Project("{FAE04EC0-301F-11D3-BF4B-00C04F79EFBC}") = "HistoryOfFlexGrid", "HistoryOfFlexGrid\HistoryOfFlexGrid.csproj", "{16C66486-DEAA-4786-910A-432E4AA0CA8B}"
EndProject
Global
	GlobalSection(SolutionConfigurationPlatforms) = preSolution
		Debug|Any CPU = Debug|Any CPU
		Evaluation|Any CPU = Evaluation|Any CPU
		Release|Any CPU = Release|Any CPU
	EndGlobalSection
	GlobalSection(ProjectConfigurationPlatforms) = postSolution
		{16C66486-DEAA-4786-910A-432E4AA0CA8B}.Debug|Any CPU.ActiveCfg = Debug|Any CPU
		{16C66486-DEAA-4786-910A-432E4AA0CA8B}.Debug|Any CPU.Build.0 = Debug|Any CPU
		{16C66486-DEAA-4786-910A-432E4AA0CA8B}.Evaluation|Any CPU.ActiveCfg = Release|Any CPU
		{16C66486-DEAA-4786-910A-432E4AA0CA8B}.Evaluation|Any CPU.Build.0 = Release|Any CPU
		{16C66486-DEAA-4786-910A-432E4AA0CA8B}.Release|Any CPU.ActiveCfg = Release|Any CPU
		{16C66486-DEAA-4786-910A-432E4AA0CA8B}.Release|Any CPU.Build.0 = Release|Any CPU
	EndGlobalSection
	GlobalSection(SolutionProperties) = preSolution
		HideSolutionNode = FALSE
	EndGlobalSection
EndGlobal
