
Microsoft Visual Studio Solution File, Format Version 12.00
# Visual Studio 14
Project("{FAE04EC0-301F-11D3-BF4B-00C04F79EFBC}") = "CustomElements", "CustomElements\CustomElements.csproj", "{07FACEF4-7805-4799-B005-45820E7B1D10}"
EndProject
Global
	GlobalSection(SolutionConfigurationPlatforms) = preSolution
		Debug|Any CPU = Debug|Any CPU
		Evaluation|Any CPU = Evaluation|Any CPU
		Release|Any CPU = Release|Any CPU
	EndGlobalSection
	GlobalSection(ProjectConfigurationPlatforms) = postSolution
		{07FACEF4-7805-4799-B005-45820E7B1D10}.Debug|Any CPU.ActiveCfg = Debug|Any CPU
		{07FACEF4-7805-4799-B005-45820E7B1D10}.Debug|Any CPU.Build.0 = Debug|Any CPU
		{07FACEF4-7805-4799-B005-45820E7B1D10}.Evaluation|Any CPU.ActiveCfg = Release|Any CPU
		{07FACEF4-7805-4799-B005-45820E7B1D10}.Evaluation|Any CPU.Build.0 = Release|Any CPU
		{07FACEF4-7805-4799-B005-45820E7B1D10}.Release|Any CPU.ActiveCfg = Release|Any CPU
		{07FACEF4-7805-4799-B005-45820E7B1D10}.Release|Any CPU.Build.0 = Release|Any CPU
	EndGlobalSection
	GlobalSection(SolutionProperties) = preSolution
		HideSolutionNode = FALSE
	EndGlobalSection
EndGlobal
