
Microsoft Visual Studio Solution File, Format Version 12.00
# Visual Studio 14
Project("{FAE04EC0-301F-11D3-BF4B-00C04F79EFBC}") = "FlexChartAnnotation", "FlexChartAnnotation\FlexChartAnnotation.csproj", "{FFCD0055-4DE6-49B2-A9A6-4D6F14B5517C}"
EndProject
Global
	GlobalSection(SolutionConfigurationPlatforms) = preSolution
		Debug|Any CPU = Debug|Any CPU
		Evaluation|Any CPU = Evaluation|Any CPU
		Release|Any CPU = Release|Any CPU
		Standard|Any CPU = Standard|Any CPU
		StandardEvaluation|Any CPU = StandardEvaluation|Any CPU
	EndGlobalSection
	GlobalSection(ProjectConfigurationPlatforms) = postSolution
		{FFCD0055-4DE6-49B2-A9A6-4D6F14B5517C}.Debug|Any CPU.ActiveCfg = Debug|Any CPU
		{FFCD0055-4DE6-49B2-A9A6-4D6F14B5517C}.Debug|Any CPU.Build.0 = Debug|Any CPU
		{FFCD0055-4DE6-49B2-A9A6-4D6F14B5517C}.Evaluation|Any CPU.ActiveCfg = Release|Any CPU
		{FFCD0055-4DE6-49B2-A9A6-4D6F14B5517C}.Evaluation|Any CPU.Build.0 = Release|Any CPU
		{FFCD0055-4DE6-49B2-A9A6-4D6F14B5517C}.Release|Any CPU.ActiveCfg = Release|Any CPU
		{FFCD0055-4DE6-49B2-A9A6-4D6F14B5517C}.Release|Any CPU.Build.0 = Release|Any CPU
		{FFCD0055-4DE6-49B2-A9A6-4D6F14B5517C}.Standard|Any CPU.ActiveCfg = Release|Any CPU
		{FFCD0055-4DE6-49B2-A9A6-4D6F14B5517C}.Standard|Any CPU.Build.0 = Release|Any CPU
		{FFCD0055-4DE6-49B2-A9A6-4D6F14B5517C}.StandardEvaluation|Any CPU.ActiveCfg = Release|Any CPU
		{FFCD0055-4DE6-49B2-A9A6-4D6F14B5517C}.StandardEvaluation|Any CPU.Build.0 = Release|Any CPU
	EndGlobalSection
	GlobalSection(SolutionProperties) = preSolution
		HideSolutionNode = FALSE
	EndGlobalSection
EndGlobal
