
Microsoft Visual Studio Solution File, Format Version 12.00
# Visual Studio 14
Project("{FAE04EC0-301F-11D3-BF4B-00C04F79EFBC}") = "FlexChartExport", "FlexChartExport\FlexChartExport.csproj", "{669CE8AC-20C1-43C3-A7E3-1BE75E9E8E47}"
EndProject
Global
	GlobalSection(SolutionConfigurationPlatforms) = preSolution
		Debug|Any CPU = Debug|Any CPU
		Evaluation|Any CPU = Evaluation|Any CPU
		Release|Any CPU = Release|Any CPU
		Standard|Any CPU = Standard|Any CPU
		StandardEvaluation|Any CPU = StandardEvaluation|Any CPU
	EndGlobalSection
	GlobalSection(ProjectConfigurationPlatforms) = postSolution
		{669CE8AC-20C1-43C3-A7E3-1BE75E9E8E47}.Debug|Any CPU.ActiveCfg = Debug|Any CPU
		{669CE8AC-20C1-43C3-A7E3-1BE75E9E8E47}.Debug|Any CPU.Build.0 = Debug|Any CPU
		{669CE8AC-20C1-43C3-A7E3-1BE75E9E8E47}.Evaluation|Any CPU.ActiveCfg = Release|Any CPU
		{669CE8AC-20C1-43C3-A7E3-1BE75E9E8E47}.Evaluation|Any CPU.Build.0 = Release|Any CPU
		{669CE8AC-20C1-43C3-A7E3-1BE75E9E8E47}.Release|Any CPU.ActiveCfg = Release|Any CPU
		{669CE8AC-20C1-43C3-A7E3-1BE75E9E8E47}.Release|Any CPU.Build.0 = Release|Any CPU
		{669CE8AC-20C1-43C3-A7E3-1BE75E9E8E47}.Standard|Any CPU.ActiveCfg = Release|Any CPU
		{669CE8AC-20C1-43C3-A7E3-1BE75E9E8E47}.Standard|Any CPU.Build.0 = Release|Any CPU
		{669CE8AC-20C1-43C3-A7E3-1BE75E9E8E47}.StandardEvaluation|Any CPU.ActiveCfg = Release|Any CPU
		{669CE8AC-20C1-43C3-A7E3-1BE75E9E8E47}.StandardEvaluation|Any CPU.Build.0 = Release|Any CPU
	EndGlobalSection
	GlobalSection(SolutionProperties) = preSolution
		HideSolutionNode = FALSE
	EndGlobalSection
EndGlobal
