
Microsoft Visual Studio Solution File, Format Version 12.00
# Visual Studio 14
Project("{FAE04EC0-301F-11D3-BF4B-00C04F79EFBC}") = "CollectionViewIntro", "CollectionViewIntro\CollectionViewIntro.csproj", "{678F47AE-6604-42A2-A3E2-7291923F3ECD}"
EndProject
Global
	GlobalSection(SolutionConfigurationPlatforms) = preSolution
		Debug|Any CPU = Debug|Any CPU
		Evaluation|Any CPU = Evaluation|Any CPU
		Release|Any CPU = Release|Any CPU
		Standard|Any CPU = Standard|Any CPU
		StandardEvaluation|Any CPU = StandardEvaluation|Any CPU
	EndGlobalSection
	GlobalSection(ProjectConfigurationPlatforms) = postSolution
		{678F47AE-6604-42A2-A3E2-7291923F3ECD}.Debug|Any CPU.ActiveCfg = Debug|Any CPU
		{678F47AE-6604-42A2-A3E2-7291923F3ECD}.Debug|Any CPU.Build.0 = Debug|Any CPU
		{678F47AE-6604-42A2-A3E2-7291923F3ECD}.Evaluation|Any CPU.ActiveCfg = Debug|Any CPU
		{678F47AE-6604-42A2-A3E2-7291923F3ECD}.Evaluation|Any CPU.Build.0 = Debug|Any CPU
		{678F47AE-6604-42A2-A3E2-7291923F3ECD}.Release|Any CPU.ActiveCfg = Release|Any CPU
		{678F47AE-6604-42A2-A3E2-7291923F3ECD}.Release|Any CPU.Build.0 = Release|Any CPU
		{678F47AE-6604-42A2-A3E2-7291923F3ECD}.Standard|Any CPU.ActiveCfg = Debug|Any CPU
		{678F47AE-6604-42A2-A3E2-7291923F3ECD}.Standard|Any CPU.Build.0 = Debug|Any CPU
		{678F47AE-6604-42A2-A3E2-7291923F3ECD}.StandardEvaluation|Any CPU.ActiveCfg = Debug|Any CPU
		{678F47AE-6604-42A2-A3E2-7291923F3ECD}.StandardEvaluation|Any CPU.Build.0 = Debug|Any CPU
	EndGlobalSection
	GlobalSection(SolutionProperties) = preSolution
		HideSolutionNode = FALSE
	EndGlobalSection
EndGlobal
