
Microsoft Visual Studio Solution File, Format Version 12.00
# Visual Studio 14
Project("{FAE04EC0-301F-11D3-BF4B-00C04F79EFBC}") = "VirtualData", "VirtualData\VirtualData.csproj", "{7D8EB429-70C6-4A6C-8C7E-CF1D2FE7955B}"
	ProjectSection(ProjectDependencies) = postProject
	EndProjectSection
EndProject
Global
	GlobalSection(SolutionConfigurationPlatforms) = preSolution
		Debug|Any CPU = Debug|Any CPU
		Evaluation|Any CPU = Evaluation|Any CPU
		Release|Any CPU = Release|Any CPU
		Standard|Any CPU = Standard|Any CPU
		StandardEvaluation|Any CPU = StandardEvaluation|Any CPU
	EndGlobalSection
	GlobalSection(ProjectConfigurationPlatforms) = postSolution
		{7D8EB429-70C6-4A6C-8C7E-CF1D2FE7955B}.Debug|Any CPU.ActiveCfg = Debug|Any CPU
		{7D8EB429-70C6-4A6C-8C7E-CF1D2FE7955B}.Debug|Any CPU.Build.0 = Debug|Any CPU
		{7D8EB429-70C6-4A6C-8C7E-CF1D2FE7955B}.Evaluation|Any CPU.ActiveCfg = Release|Any CPU
		{7D8EB429-70C6-4A6C-8C7E-CF1D2FE7955B}.Evaluation|Any CPU.Build.0 = Release|Any CPU
		{7D8EB429-70C6-4A6C-8C7E-CF1D2FE7955B}.Release|Any CPU.ActiveCfg = Release|Any CPU
		{7D8EB429-70C6-4A6C-8C7E-CF1D2FE7955B}.Release|Any CPU.Build.0 = Release|Any CPU
		{7D8EB429-70C6-4A6C-8C7E-CF1D2FE7955B}.Standard|Any CPU.ActiveCfg = Release|Any CPU
		{7D8EB429-70C6-4A6C-8C7E-CF1D2FE7955B}.Standard|Any CPU.Build.0 = Release|Any CPU
		{7D8EB429-70C6-4A6C-8C7E-CF1D2FE7955B}.StandardEvaluation|Any CPU.ActiveCfg = Release|Any CPU
		{7D8EB429-70C6-4A6C-8C7E-CF1D2FE7955B}.StandardEvaluation|Any CPU.Build.0 = Release|Any CPU
	EndGlobalSection
	GlobalSection(SolutionProperties) = preSolution
		HideSolutionNode = FALSE
	EndGlobalSection
EndGlobal
