
Microsoft Visual Studio Solution File, Format Version 12.00
# Visual Studio 14
Project("{FAE04EC0-301F-11D3-BF4B-00C04F79EFBC}") = "FlexChartGroup", "FlexChartGroup\FlexChartGroup.csproj", "{9E770E98-49B2-4280-8885-5263AA9C2A79}"
	ProjectSection(ProjectDependencies) = postProject
	EndProjectSection
EndProject
Global
	GlobalSection(SolutionConfigurationPlatforms) = preSolution
		Debug|Any CPU = Debug|Any CPU
		Evaluation|Any CPU = Evaluation|Any CPU
		Release|Any CPU = Release|Any CPU
	EndGlobalSection
	GlobalSection(ProjectConfigurationPlatforms) = postSolution
		{9E770E98-49B2-4280-8885-5263AA9C2A79}.Debug|Any CPU.ActiveCfg = Debug|Any CPU
		{9E770E98-49B2-4280-8885-5263AA9C2A79}.Debug|Any CPU.Build.0 = Debug|Any CPU
		{9E770E98-49B2-4280-8885-5263AA9C2A79}.Evaluation|Any CPU.ActiveCfg = Release|Any CPU
		{9E770E98-49B2-4280-8885-5263AA9C2A79}.Evaluation|Any CPU.Build.0 = Release|Any CPU
		{9E770E98-49B2-4280-8885-5263AA9C2A79}.Release|Any CPU.ActiveCfg = Release|Any CPU
		{9E770E98-49B2-4280-8885-5263AA9C2A79}.Release|Any CPU.Build.0 = Release|Any CPU
	EndGlobalSection
	GlobalSection(SolutionProperties) = preSolution
		HideSolutionNode = FALSE
	EndGlobalSection
EndGlobal
