
Microsoft Visual Studio Solution File, Format Version 12.00
# Visual Studio 14
Project("{FAE04EC0-301F-11D3-BF4B-00C04F79EFBC}") = "FlexPieIntro", "FlexPieIntro\FlexPieIntro.csproj", "{77FBEC8C-DAB5-4319-8BFA-E90DF9D39DF9}"
EndProject
Global
	GlobalSection(SolutionConfigurationPlatforms) = preSolution
		Debug|Any CPU = Debug|Any CPU
		Evaluation|Any CPU = Evaluation|Any CPU
		Release|Any CPU = Release|Any CPU
	EndGlobalSection
	GlobalSection(ProjectConfigurationPlatforms) = postSolution
		{77FBEC8C-DAB5-4319-8BFA-E90DF9D39DF9}.Debug|Any CPU.ActiveCfg = Debug|Any CPU
		{77FBEC8C-DAB5-4319-8BFA-E90DF9D39DF9}.Debug|Any CPU.Build.0 = Debug|Any CPU
		{77FBEC8C-DAB5-4319-8BFA-E90DF9D39DF9}.Evaluation|Any CPU.ActiveCfg = Release|Any CPU
		{77FBEC8C-DAB5-4319-8BFA-E90DF9D39DF9}.Evaluation|Any CPU.Build.0 = Release|Any CPU
		{77FBEC8C-DAB5-4319-8BFA-E90DF9D39DF9}.Release|Any CPU.ActiveCfg = Release|Any CPU
		{77FBEC8C-DAB5-4319-8BFA-E90DF9D39DF9}.Release|Any CPU.Build.0 = Release|Any CPU
	EndGlobalSection
	GlobalSection(SolutionProperties) = preSolution
		HideSolutionNode = FALSE
	EndGlobalSection
EndGlobal
