
Microsoft Visual Studio Solution File, Format Version 12.00
# Visual Studio 14
Project("{FAE04EC0-301F-11D3-BF4B-00C04F79EFBC}") = "FlexGridFilter", "FlexGridFilter\FlexGridFilter.csproj", "{2D3EE564-1AEB-4F65-BD7B-2F6F29DBFB66}"
EndProject
Global
	GlobalSection(SolutionConfigurationPlatforms) = preSolution
		Debug|Any CPU = Debug|Any CPU
		Evaluation|Any CPU = Evaluation|Any CPU
		Release|Any CPU = Release|Any CPU
	EndGlobalSection
	GlobalSection(ProjectConfigurationPlatforms) = postSolution
		{2D3EE564-1AEB-4F65-BD7B-2F6F29DBFB66}.Debug|Any CPU.ActiveCfg = Debug|Any CPU
		{2D3EE564-1AEB-4F65-BD7B-2F6F29DBFB66}.Debug|Any CPU.Build.0 = Debug|Any CPU
		{2D3EE564-1AEB-4F65-BD7B-2F6F29DBFB66}.Evaluation|Any CPU.ActiveCfg = Release|Any CPU
		{2D3EE564-1AEB-4F65-BD7B-2F6F29DBFB66}.Evaluation|Any CPU.Build.0 = Release|Any CPU
		{2D3EE564-1AEB-4F65-BD7B-2F6F29DBFB66}.Release|Any CPU.ActiveCfg = Release|Any CPU
		{2D3EE564-1AEB-4F65-BD7B-2F6F29DBFB66}.Release|Any CPU.Build.0 = Release|Any CPU
	EndGlobalSection
	GlobalSection(SolutionProperties) = preSolution
		HideSolutionNode = FALSE
	EndGlobalSection
EndGlobal
