
Microsoft Visual Studio Solution File, Format Version 12.00
# Visual Studio 14
Project("{FAE04EC0-301F-11D3-BF4B-00C04F79EFBC}") = "FinancialChartIntro", "FinancialChartIntro\FinancialChartIntro.csproj", "{D8C520BE-C1EE-4CA6-ABCF-D4809B2F1BB5}"
EndProject
Global
	GlobalSection(SolutionConfigurationPlatforms) = preSolution
		Debug|Any CPU = Debug|Any CPU
		Evaluation|Any CPU = Evaluation|Any CPU
		Release|Any CPU = Release|Any CPU
		Standard|Any CPU = Standard|Any CPU
		StandardEvaluation|Any CPU = StandardEvaluation|Any CPU
	EndGlobalSection
	GlobalSection(ProjectConfigurationPlatforms) = postSolution
		{D8C520BE-C1EE-4CA6-ABCF-D4809B2F1BB5}.Debug|Any CPU.ActiveCfg = Debug|Any CPU
		{D8C520BE-C1EE-4CA6-ABCF-D4809B2F1BB5}.Debug|Any CPU.Build.0 = Debug|Any CPU
		{D8C520BE-C1EE-4CA6-ABCF-D4809B2F1BB5}.Evaluation|Any CPU.ActiveCfg = Debug|Any CPU
		{D8C520BE-C1EE-4CA6-ABCF-D4809B2F1BB5}.Evaluation|Any CPU.Build.0 = Debug|Any CPU
		{D8C520BE-C1EE-4CA6-ABCF-D4809B2F1BB5}.Release|Any CPU.ActiveCfg = Release|Any CPU
		{D8C520BE-C1EE-4CA6-ABCF-D4809B2F1BB5}.Release|Any CPU.Build.0 = Release|Any CPU
		{D8C520BE-C1EE-4CA6-ABCF-D4809B2F1BB5}.Standard|Any CPU.ActiveCfg = Debug|Any CPU
		{D8C520BE-C1EE-4CA6-ABCF-D4809B2F1BB5}.Standard|Any CPU.Build.0 = Debug|Any CPU
		{D8C520BE-C1EE-4CA6-ABCF-D4809B2F1BB5}.StandardEvaluation|Any CPU.ActiveCfg = Debug|Any CPU
		{D8C520BE-C1EE-4CA6-ABCF-D4809B2F1BB5}.StandardEvaluation|Any CPU.Build.0 = Debug|Any CPU
	EndGlobalSection
	GlobalSection(SolutionProperties) = preSolution
		HideSolutionNode = FALSE
	EndGlobalSection
EndGlobal
