
Microsoft Visual Studio Solution File, Format Version 12.00
# Visual Studio 14
Project("{FAE04EC0-301F-11D3-BF4B-00C04F79EFBC}") = "PrintDocument", "PrintDocument\PrintDocument.csproj", "{B6A28EDB-FE09-4202-990A-76C89E2E29EE}"
EndProject
Global
	GlobalSection(SolutionConfigurationPlatforms) = preSolution
		Debug|Any CPU = Debug|Any CPU
		Evaluation|Any CPU = Evaluation|Any CPU
		Release|Any CPU = Release|Any CPU
		Standard|Any CPU = Standard|Any CPU
		StandardEvaluation|Any CPU = StandardEvaluation|Any CPU
	EndGlobalSection
	GlobalSection(ProjectConfigurationPlatforms) = postSolution
		{B6A28EDB-FE09-4202-990A-76C89E2E29EE}.Debug|Any CPU.ActiveCfg = Debug|Any CPU
		{B6A28EDB-FE09-4202-990A-76C89E2E29EE}.Debug|Any CPU.Build.0 = Debug|Any CPU
		{B6A28EDB-FE09-4202-990A-76C89E2E29EE}.Evaluation|Any CPU.ActiveCfg = Release|Any CPU
		{B6A28EDB-FE09-4202-990A-76C89E2E29EE}.Evaluation|Any CPU.Build.0 = Release|Any CPU
		{B6A28EDB-FE09-4202-990A-76C89E2E29EE}.Release|Any CPU.ActiveCfg = Release|Any CPU
		{B6A28EDB-FE09-4202-990A-76C89E2E29EE}.Release|Any CPU.Build.0 = Release|Any CPU
		{B6A28EDB-FE09-4202-990A-76C89E2E29EE}.Standard|Any CPU.ActiveCfg = Release|Any CPU
		{B6A28EDB-FE09-4202-990A-76C89E2E29EE}.Standard|Any CPU.Build.0 = Release|Any CPU
		{B6A28EDB-FE09-4202-990A-76C89E2E29EE}.StandardEvaluation|Any CPU.ActiveCfg = Release|Any CPU
		{B6A28EDB-FE09-4202-990A-76C89E2E29EE}.StandardEvaluation|Any CPU.Build.0 = Release|Any CPU
	EndGlobalSection
	GlobalSection(SolutionProperties) = preSolution
		HideSolutionNode = FALSE
	EndGlobalSection
EndGlobal
