
Microsoft Visual Studio Solution File, Format Version 12.00
# Visual Studio 14
Project("{FAE04EC0-301F-11D3-BF4B-00C04F79EFBC}") = "FlexSheetIntro", "FlexSheetIntro\FlexSheetIntro.csproj", "{CFD18980-1EB3-4EFE-8208-35E565CA16DB}"
	ProjectSection(ProjectDependencies) = postProject
	EndProjectSection
EndProject
Global
	GlobalSection(SolutionConfigurationPlatforms) = preSolution
		Debug|Any CPU = Debug|Any CPU
		Evaluation|Any CPU = Evaluation|Any CPU
		Release|Any CPU = Release|Any CPU
		Standard|Any CPU = Standard|Any CPU
		StandardEvaluation|Any CPU = StandardEvaluation|Any CPU
	EndGlobalSection
	GlobalSection(ProjectConfigurationPlatforms) = postSolution
		{CFD18980-1EB3-4EFE-8208-35E565CA16DB}.Debug|Any CPU.ActiveCfg = Debug|Any CPU
		{CFD18980-1EB3-4EFE-8208-35E565CA16DB}.Debug|Any CPU.Build.0 = Debug|Any CPU
		{CFD18980-1EB3-4EFE-8208-35E565CA16DB}.Evaluation|Any CPU.ActiveCfg = Debug|Any CPU
		{CFD18980-1EB3-4EFE-8208-35E565CA16DB}.Evaluation|Any CPU.Build.0 = Debug|Any CPU
		{CFD18980-1EB3-4EFE-8208-35E565CA16DB}.Release|Any CPU.ActiveCfg = Release|Any CPU
		{CFD18980-1EB3-4EFE-8208-35E565CA16DB}.Release|Any CPU.Build.0 = Release|Any CPU
		{CFD18980-1EB3-4EFE-8208-35E565CA16DB}.Standard|Any CPU.ActiveCfg = Debug|Any CPU
		{CFD18980-1EB3-4EFE-8208-35E565CA16DB}.Standard|Any CPU.Build.0 = Debug|Any CPU
		{CFD18980-1EB3-4EFE-8208-35E565CA16DB}.StandardEvaluation|Any CPU.ActiveCfg = Debug|Any CPU
		{CFD18980-1EB3-4EFE-8208-35E565CA16DB}.StandardEvaluation|Any CPU.Build.0 = Debug|Any CPU
	EndGlobalSection
	GlobalSection(SolutionProperties) = preSolution
		HideSolutionNode = FALSE
	EndGlobalSection
EndGlobal
