
Microsoft Visual Studio Solution File, Format Version 12.00
# Visual Studio 14
Project("{FAE04EC0-301F-11D3-BF4B-00C04F79EFBC}") = "ngForms", "ngForms\ngForms.csproj", "{913861ED-0C1E-4D34-B746-71B42A615168}"
EndProject
Global
	GlobalSection(SolutionConfigurationPlatforms) = preSolution
		Debug|Any CPU = Debug|Any CPU
		Evaluation|Any CPU = Evaluation|Any CPU
		Release|Any CPU = Release|Any CPU
		Standard|Any CPU = Standard|Any CPU
		StandardEvaluation|Any CPU = StandardEvaluation|Any CPU
	EndGlobalSection
	GlobalSection(ProjectConfigurationPlatforms) = postSolution
		{913861ED-0C1E-4D34-B746-71B42A615168}.Debug|Any CPU.ActiveCfg = Debug|Any CPU
		{913861ED-0C1E-4D34-B746-71B42A615168}.Debug|Any CPU.Build.0 = Debug|Any CPU
		{913861ED-0C1E-4D34-B746-71B42A615168}.Evaluation|Any CPU.ActiveCfg = Debug|Any CPU
		{913861ED-0C1E-4D34-B746-71B42A615168}.Evaluation|Any CPU.Build.0 = Debug|Any CPU
		{913861ED-0C1E-4D34-B746-71B42A615168}.Release|Any CPU.ActiveCfg = Release|Any CPU
		{913861ED-0C1E-4D34-B746-71B42A615168}.Release|Any CPU.Build.0 = Release|Any CPU
		{913861ED-0C1E-4D34-B746-71B42A615168}.Standard|Any CPU.ActiveCfg = Debug|Any CPU
		{913861ED-0C1E-4D34-B746-71B42A615168}.Standard|Any CPU.Build.0 = Debug|Any CPU
		{913861ED-0C1E-4D34-B746-71B42A615168}.StandardEvaluation|Any CPU.ActiveCfg = Debug|Any CPU
		{913861ED-0C1E-4D34-B746-71B42A615168}.StandardEvaluation|Any CPU.Build.0 = Debug|Any CPU
	EndGlobalSection
	GlobalSection(SolutionProperties) = preSolution
		HideSolutionNode = FALSE
	EndGlobalSection
EndGlobal
