
Microsoft Visual Studio Solution File, Format Version 12.00
# Visual Studio 14
Project("{FAE04EC0-301F-11D3-BF4B-00C04F79EFBC}") = "DynamicColumns", "DynamicColumns\DynamicColumns.csproj", "{28DC34EA-B1DE-4380-9B80-257A84624EDF}"
EndProject
Global
	GlobalSection(SolutionConfigurationPlatforms) = preSolution
		Debug|Any CPU = Debug|Any CPU
		Evaluation|Any CPU = Evaluation|Any CPU
		Release|Any CPU = Release|Any CPU
		Standard|Any CPU = Standard|Any CPU
		StandardEvaluation|Any CPU = StandardEvaluation|Any CPU
	EndGlobalSection
	GlobalSection(ProjectConfigurationPlatforms) = postSolution
		{28DC34EA-B1DE-4380-9B80-257A84624EDF}.Debug|Any CPU.ActiveCfg = Debug|Any CPU
		{28DC34EA-B1DE-4380-9B80-257A84624EDF}.Debug|Any CPU.Build.0 = Debug|Any CPU
		{28DC34EA-B1DE-4380-9B80-257A84624EDF}.Evaluation|Any CPU.ActiveCfg = Debug|Any CPU
		{28DC34EA-B1DE-4380-9B80-257A84624EDF}.Evaluation|Any CPU.Build.0 = Debug|Any CPU
		{28DC34EA-B1DE-4380-9B80-257A84624EDF}.Release|Any CPU.ActiveCfg = Release|Any CPU
		{28DC34EA-B1DE-4380-9B80-257A84624EDF}.Release|Any CPU.Build.0 = Release|Any CPU
		{28DC34EA-B1DE-4380-9B80-257A84624EDF}.Standard|Any CPU.ActiveCfg = Debug|Any CPU
		{28DC34EA-B1DE-4380-9B80-257A84624EDF}.Standard|Any CPU.Build.0 = Debug|Any CPU
		{28DC34EA-B1DE-4380-9B80-257A84624EDF}.StandardEvaluation|Any CPU.ActiveCfg = Debug|Any CPU
		{28DC34EA-B1DE-4380-9B80-257A84624EDF}.StandardEvaluation|Any CPU.Build.0 = Debug|Any CPU
	EndGlobalSection
	GlobalSection(SolutionProperties) = preSolution
		HideSolutionNode = FALSE
	EndGlobalSection
EndGlobal
