
Microsoft Visual Studio Solution File, Format Version 12.00
# Visual Studio 14
Project("{FAE04EC0-301F-11D3-BF4B-00C04F79EFBC}") = "Dashboard", "Dashboard\Dashboard.csproj", "{75FB4FCB-94E6-4DE0-A68A-4528495D56CD}"
EndProject
Global
	GlobalSection(SolutionConfigurationPlatforms) = preSolution
		Debug|Any CPU = Debug|Any CPU
		Evaluation|Any CPU = Evaluation|Any CPU
		Release|Any CPU = Release|Any CPU
	EndGlobalSection
	GlobalSection(ProjectConfigurationPlatforms) = postSolution
		{75FB4FCB-94E6-4DE0-A68A-4528495D56CD}.Debug|Any CPU.ActiveCfg = Debug|Any CPU
		{75FB4FCB-94E6-4DE0-A68A-4528495D56CD}.Debug|Any CPU.Build.0 = Debug|Any CPU
		{75FB4FCB-94E6-4DE0-A68A-4528495D56CD}.Evaluation|Any CPU.ActiveCfg = Release|Any CPU
		{75FB4FCB-94E6-4DE0-A68A-4528495D56CD}.Evaluation|Any CPU.Build.0 = Release|Any CPU
		{75FB4FCB-94E6-4DE0-A68A-4528495D56CD}.Release|Any CPU.ActiveCfg = Release|Any CPU
		{75FB4FCB-94E6-4DE0-A68A-4528495D56CD}.Release|Any CPU.Build.0 = Release|Any CPU
	EndGlobalSection
	GlobalSection(SolutionProperties) = preSolution
		HideSolutionNode = FALSE
	EndGlobalSection
EndGlobal
