
Microsoft Visual Studio Solution File, Format Version 12.00
# Visual Studio 14
Project("{FAE04EC0-301F-11D3-BF4B-00C04F79EFBC}") = "ExcelImportExport", "ExcelImportExport\ExcelImportExport.csproj", "{2531E099-29CA-4B5F-9C57-238AF34B4C55}"
EndProject
Global
	GlobalSection(SolutionConfigurationPlatforms) = preSolution
		Debug|Any CPU = Debug|Any CPU
		Evaluation|Any CPU = Evaluation|Any CPU
		Release|Any CPU = Release|Any CPU
	EndGlobalSection
	GlobalSection(ProjectConfigurationPlatforms) = postSolution
		{2531E099-29CA-4B5F-9C57-238AF34B4C55}.Debug|Any CPU.ActiveCfg = Debug|Any CPU
		{2531E099-29CA-4B5F-9C57-238AF34B4C55}.Debug|Any CPU.Build.0 = Debug|Any CPU
		{2531E099-29CA-4B5F-9C57-238AF34B4C55}.Evaluation|Any CPU.ActiveCfg = Release|Any CPU
		{2531E099-29CA-4B5F-9C57-238AF34B4C55}.Evaluation|Any CPU.Build.0 = Release|Any CPU
		{2531E099-29CA-4B5F-9C57-238AF34B4C55}.Release|Any CPU.ActiveCfg = Release|Any CPU
		{2531E099-29CA-4B5F-9C57-238AF34B4C55}.Release|Any CPU.Build.0 = Release|Any CPU
	EndGlobalSection
	GlobalSection(SolutionProperties) = preSolution
		HideSolutionNode = FALSE
	EndGlobalSection
EndGlobal
