
Microsoft Visual Studio Solution File, Format Version 12.00
# Visual Studio 14
Project("{FAE04EC0-301F-11D3-BF4B-00C04F79EFBC}") = "Authentication", "Authentication\Authentication.csproj", "{75AA6159-6860-4F74-B535-CCC7426C013B}"
	ProjectSection(ProjectDependencies) = postProject
	EndProjectSection
EndProject
Global
	GlobalSection(SolutionConfigurationPlatforms) = preSolution
		Debug|Any CPU = Debug|Any CPU
		Evaluation|Any CPU = Evaluation|Any CPU
		Release|Any CPU = Release|Any CPU
	EndGlobalSection
	GlobalSection(ProjectConfigurationPlatforms) = postSolution
		{75AA6159-6860-4F74-B535-CCC7426C013B}.Debug|Any CPU.ActiveCfg = Debug|Any CPU
		{75AA6159-6860-4F74-B535-CCC7426C013B}.Debug|Any CPU.Build.0 = Debug|Any CPU
		{75AA6159-6860-4F74-B535-CCC7426C013B}.Evaluation|Any CPU.ActiveCfg = Release|Any CPU
		{75AA6159-6860-4F74-B535-CCC7426C013B}.Evaluation|Any CPU.Build.0 = Release|Any CPU
		{75AA6159-6860-4F74-B535-CCC7426C013B}.Release|Any CPU.ActiveCfg = Release|Any CPU
		{75AA6159-6860-4F74-B535-CCC7426C013B}.Release|Any CPU.Build.0 = Release|Any CPU
	EndGlobalSection
	GlobalSection(SolutionProperties) = preSolution
		HideSolutionNode = FALSE
	EndGlobalSection
EndGlobal
