
Microsoft Visual Studio Solution File, Format Version 12.00
# Visual Studio 14
Project("{FAE04EC0-301F-11D3-BF4B-00C04F79EFBC}") = "FlexChartAnalytics", "FlexChartAnalytics\FlexChartAnalytics.csproj", "{4D4F1BB5-8395-41A4-BDC3-AC5AA47FA372}"
EndProject
Global
	GlobalSection(SolutionConfigurationPlatforms) = preSolution
		Debug|Any CPU = Debug|Any CPU
		Evaluation|Any CPU = Evaluation|Any CPU
		Release|Any CPU = Release|Any CPU
	EndGlobalSection
	GlobalSection(ProjectConfigurationPlatforms) = postSolution
		{4D4F1BB5-8395-41A4-BDC3-AC5AA47FA372}.Debug|Any CPU.ActiveCfg = Debug|Any CPU
		{4D4F1BB5-8395-41A4-BDC3-AC5AA47FA372}.Debug|Any CPU.Build.0 = Debug|Any CPU
		{4D4F1BB5-8395-41A4-BDC3-AC5AA47FA372}.Evaluation|Any CPU.ActiveCfg = Release|Any CPU
		{4D4F1BB5-8395-41A4-BDC3-AC5AA47FA372}.Evaluation|Any CPU.Build.0 = Release|Any CPU
		{4D4F1BB5-8395-41A4-BDC3-AC5AA47FA372}.Release|Any CPU.ActiveCfg = Release|Any CPU
		{4D4F1BB5-8395-41A4-BDC3-AC5AA47FA372}.Release|Any CPU.Build.0 = Release|Any CPU
	EndGlobalSection
	GlobalSection(SolutionProperties) = preSolution
		HideSolutionNode = FALSE
	EndGlobalSection
EndGlobal
