
Microsoft Visual Studio Solution File, Format Version 12.00
# Visual Studio 14
Project("{FAE04EC0-301F-11D3-BF4B-00C04F79EFBC}") = "OlapIntro", "OlapIntro\OlapIntro.csproj", "{7E488CF2-C771-4259-8648-CF4049971B98}"
EndProject
Global
	GlobalSection(SolutionConfigurationPlatforms) = preSolution
		Debug|Any CPU = Debug|Any CPU
		Evaluation|Any CPU = Evaluation|Any CPU
		Release|Any CPU = Release|Any CPU
		Standard|Any CPU = Standard|Any CPU
		StandardEvaluation|Any CPU = StandardEvaluation|Any CPU
	EndGlobalSection
	GlobalSection(ProjectConfigurationPlatforms) = postSolution
		{7E488CF2-C771-4259-8648-CF4049971B98}.Debug|Any CPU.ActiveCfg = Debug|Any CPU
		{7E488CF2-C771-4259-8648-CF4049971B98}.Debug|Any CPU.Build.0 = Debug|Any CPU
		{7E488CF2-C771-4259-8648-CF4049971B98}.Evaluation|Any CPU.ActiveCfg = Release|Any CPU
		{7E488CF2-C771-4259-8648-CF4049971B98}.Evaluation|Any CPU.Build.0 = Release|Any CPU
		{7E488CF2-C771-4259-8648-CF4049971B98}.Release|Any CPU.ActiveCfg = Release|Any CPU
		{7E488CF2-C771-4259-8648-CF4049971B98}.Release|Any CPU.Build.0 = Release|Any CPU
		{7E488CF2-C771-4259-8648-CF4049971B98}.Standard|Any CPU.ActiveCfg = Release|Any CPU
		{7E488CF2-C771-4259-8648-CF4049971B98}.Standard|Any CPU.Build.0 = Release|Any CPU
		{7E488CF2-C771-4259-8648-CF4049971B98}.StandardEvaluation|Any CPU.ActiveCfg = Release|Any CPU
		{7E488CF2-C771-4259-8648-CF4049971B98}.StandardEvaluation|Any CPU.Build.0 = Release|Any CPU
	EndGlobalSection
	GlobalSection(SolutionProperties) = preSolution
		HideSolutionNode = FALSE
	EndGlobalSection
EndGlobal
